
Microsoft Visual Studio Solution File, Format Version 12.00
# Visual Studio Version 17
VisualStudioVersion = 17.11.35222.181
MinimumVisualStudioVersion = 10.0.40219.1
Project("{9A19103F-16F7-4668-BE54-9A1E7A4F7556}") = "pratododia-project", "pratododia-project.csproj", "{29413B86-DC30-4824-918F-877584654E3D}"
EndProject
Global
	GlobalSection(SolutionConfigurationPlatforms) = preSolution
		Debug|Any CPU = Debug|Any CPU
		Release|Any CPU = Release|Any CPU
	EndGlobalSection
	GlobalSection(ProjectConfigurationPlatforms) = postSolution
		{29413B86-DC30-4824-918F-877584654E3D}.Debug|Any CPU.ActiveCfg = Debug|Any CPU
		{29413B86-DC30-4824-918F-877584654E3D}.Debug|Any CPU.Build.0 = Debug|Any CPU
		{29413B86-DC30-4824-918F-877584654E3D}.Release|Any CPU.ActiveCfg = Release|Any CPU
		{29413B86-DC30-4824-918F-877584654E3D}.Release|Any CPU.Build.0 = Release|Any CPU
	EndGlobalSection
	GlobalSection(SolutionProperties) = preSolution
		HideSolutionNode = FALSE
	EndGlobalSection
	GlobalSection(ExtensibilityGlobals) = postSolution
		SolutionGuid = {23E403DE-2037-4FB6-B5B8-A78051867ECD}
	EndGlobalSection
EndGlobal
